
Microsoft Visual Studio Solution File, Format Version 12.00
# Visual Studio 15
VisualStudioVersion = 15.0.27703.2042
MinimumVisualStudioVersion = 10.0.40219.1
Project("{FAE04EC0-301F-11D3-BF4B-00C04F79EFBC}") = "EntraceExaminationReport", "EntraceExaminationReport\EntraceExaminationReport.csproj", "{909B754B-8866-4D58-92D4-C8CDD482482D}"
EndProject
Project("{FAE04EC0-301F-11D3-BF4B-00C04F79EFBC}") = "EntranceExaminationReport.Test", "..\EntranceExaminationReport.Test\EntranceExaminationReport.Test.csproj", "{A0649C30-6C0A-4029-948F-C67E9C0EC84C}"
EndProject
Global
	GlobalSection(SolutionConfigurationPlatforms) = preSolution
		Debug|Any CPU = Debug|Any CPU
		Release|Any CPU = Release|Any CPU
	EndGlobalSection
	GlobalSection(ProjectConfigurationPlatforms) = postSolution
		{909B754B-8866-4D58-92D4-C8CDD482482D}.Debug|Any CPU.ActiveCfg = Debug|Any CPU
		{909B754B-8866-4D58-92D4-C8CDD482482D}.Debug|Any CPU.Build.0 = Debug|Any CPU
		{909B754B-8866-4D58-92D4-C8CDD482482D}.Release|Any CPU.ActiveCfg = Release|Any CPU
		{909B754B-8866-4D58-92D4-C8CDD482482D}.Release|Any CPU.Build.0 = Release|Any CPU
		{A0649C30-6C0A-4029-948F-C67E9C0EC84C}.Debug|Any CPU.ActiveCfg = Debug|Any CPU
		{A0649C30-6C0A-4029-948F-C67E9C0EC84C}.Debug|Any CPU.Build.0 = Debug|Any CPU
		{A0649C30-6C0A-4029-948F-C67E9C0EC84C}.Release|Any CPU.ActiveCfg = Release|Any CPU
		{A0649C30-6C0A-4029-948F-C67E9C0EC84C}.Release|Any CPU.Build.0 = Release|Any CPU
	EndGlobalSection
	GlobalSection(SolutionProperties) = preSolution
		HideSolutionNode = FALSE
	EndGlobalSection
	GlobalSection(ExtensibilityGlobals) = postSolution
		SolutionGuid = {1FD1C4DA-3916-4695-B242-15B5321D2CA2}
	EndGlobalSection
EndGlobal
